
Microsoft Visual Studio Solution File, Format Version 12.00
# Visual Studio Version 17
VisualStudioVersion = 17.2.32602.215
MinimumVisualStudioVersion = 10.0.40219.1
Project("{FAE04EC0-301F-11D3-BF4B-00C04F79EFBC}") = "Producer", "Producer\Producer.csproj", "{ED1B60AD-9E2F-4270-9A8B-E3C9A659396F}"
EndProject
Project("{FAE04EC0-301F-11D3-BF4B-00C04F79EFBC}") = "Consumer", "Consumer\Consumer.csproj", "{F332B748-12B9-487A-B52D-DE5AA97964F1}"
EndProject
Global
	GlobalSection(SolutionConfigurationPlatforms) = preSolution
		Debug|Any CPU = Debug|Any CPU
		Release|Any CPU = Release|Any CPU
	EndGlobalSection
	GlobalSection(ProjectConfigurationPlatforms) = postSolution
		{ED1B60AD-9E2F-4270-9A8B-E3C9A659396F}.Debug|Any CPU.ActiveCfg = Debug|Any CPU
		{ED1B60AD-9E2F-4270-9A8B-E3C9A659396F}.Debug|Any CPU.Build.0 = Debug|Any CPU
		{ED1B60AD-9E2F-4270-9A8B-E3C9A659396F}.Release|Any CPU.ActiveCfg = Release|Any CPU
		{ED1B60AD-9E2F-4270-9A8B-E3C9A659396F}.Release|Any CPU.Build.0 = Release|Any CPU
		{F332B748-12B9-487A-B52D-DE5AA97964F1}.Debug|Any CPU.ActiveCfg = Debug|Any CPU
		{F332B748-12B9-487A-B52D-DE5AA97964F1}.Debug|Any CPU.Build.0 = Debug|Any CPU
		{F332B748-12B9-487A-B52D-DE5AA97964F1}.Release|Any CPU.ActiveCfg = Release|Any CPU
		{F332B748-12B9-487A-B52D-DE5AA97964F1}.Release|Any CPU.Build.0 = Release|Any CPU
	EndGlobalSection
	GlobalSection(SolutionProperties) = preSolution
		HideSolutionNode = FALSE
	EndGlobalSection
	GlobalSection(ExtensibilityGlobals) = postSolution
		SolutionGuid = {B87BDCD7-7D7E-45C2-AB05-B4E7B49360DA}
	EndGlobalSection
EndGlobal
