
Microsoft Visual Studio Solution File, Format Version 12.00
# Visual Studio Version 17
VisualStudioVersion = 17.2.32602.215
MinimumVisualStudioVersion = 10.0.40219.1
Project("{FAE04EC0-301F-11D3-BF4B-00C04F79EFBC}") = "Producer", "Producer\Producer.csproj", "{5974CFD6-E112-48A4-92C8-DAF62BE8178B}"
EndProject
Project("{FAE04EC0-301F-11D3-BF4B-00C04F79EFBC}") = "Consumer", "Consumer\Consumer.csproj", "{1ECEBEDA-CBE5-4085-93D4-48F121785D74}"
EndProject
Global
	GlobalSection(SolutionConfigurationPlatforms) = preSolution
		Debug|Any CPU = Debug|Any CPU
		Release|Any CPU = Release|Any CPU
	EndGlobalSection
	GlobalSection(ProjectConfigurationPlatforms) = postSolution
		{5974CFD6-E112-48A4-92C8-DAF62BE8178B}.Debug|Any CPU.ActiveCfg = Debug|Any CPU
		{5974CFD6-E112-48A4-92C8-DAF62BE8178B}.Debug|Any CPU.Build.0 = Debug|Any CPU
		{5974CFD6-E112-48A4-92C8-DAF62BE8178B}.Release|Any CPU.ActiveCfg = Release|Any CPU
		{5974CFD6-E112-48A4-92C8-DAF62BE8178B}.Release|Any CPU.Build.0 = Release|Any CPU
		{1ECEBEDA-CBE5-4085-93D4-48F121785D74}.Debug|Any CPU.ActiveCfg = Debug|Any CPU
		{1ECEBEDA-CBE5-4085-93D4-48F121785D74}.Debug|Any CPU.Build.0 = Debug|Any CPU
		{1ECEBEDA-CBE5-4085-93D4-48F121785D74}.Release|Any CPU.ActiveCfg = Release|Any CPU
		{1ECEBEDA-CBE5-4085-93D4-48F121785D74}.Release|Any CPU.Build.0 = Release|Any CPU
	EndGlobalSection
	GlobalSection(SolutionProperties) = preSolution
		HideSolutionNode = FALSE
	EndGlobalSection
	GlobalSection(ExtensibilityGlobals) = postSolution
		SolutionGuid = {743F40C0-5B19-4B0B-ABD3-7698D728671E}
	EndGlobalSection
EndGlobal
